
Microsoft Visual Studio Solution File, Format Version 12.00
# Visual Studio Version 17
VisualStudioVersion = 17.9.34701.34
MinimumVisualStudioVersion = 10.0.40219.1
Project("{FAE04EC0-301F-11D3-BF4B-00C04F79EFBC}") = "A6IshraqAlam", "A6IshraqAlam\A6IshraqAlam.csproj", "{55D2633B-2402-4A5F-B9DA-492454E39173}"
EndProject
Global
	GlobalSection(SolutionConfigurationPlatforms) = preSolution
		Debug|Any CPU = Debug|Any CPU
		Release|Any CPU = Release|Any CPU
	EndGlobalSection
	GlobalSection(ProjectConfigurationPlatforms) = postSolution
		{55D2633B-2402-4A5F-B9DA-492454E39173}.Debug|Any CPU.ActiveCfg = Debug|Any CPU
		{55D2633B-2402-4A5F-B9DA-492454E39173}.Debug|Any CPU.Build.0 = Debug|Any CPU
		{55D2633B-2402-4A5F-B9DA-492454E39173}.Release|Any CPU.ActiveCfg = Release|Any CPU
		{55D2633B-2402-4A5F-B9DA-492454E39173}.Release|Any CPU.Build.0 = Release|Any CPU
	EndGlobalSection
	GlobalSection(SolutionProperties) = preSolution
		HideSolutionNode = FALSE
	EndGlobalSection
	GlobalSection(ExtensibilityGlobals) = postSolution
		SolutionGuid = {1C575985-84A1-4AD8-8C3A-707EB09280A6}
	EndGlobalSection
EndGlobal
